
Microsoft Visual Studio Solution File, Format Version 12.00
# Visual Studio Version 17
VisualStudioVersion = 17.1.32421.90
MinimumVisualStudioVersion = 10.0.40219.1
Project("{FAE04EC0-301F-11D3-BF4B-00C04F79EFBC}") = "ExpenseSystem", "ExpenseSystem\ExpenseSystem.csproj", "{1591F627-75C0-463B-A130-FEAD9327796D}"
EndProject
Global
	GlobalSection(SolutionConfigurationPlatforms) = preSolution
		Debug|Any CPU = Debug|Any CPU
		Release|Any CPU = Release|Any CPU
	EndGlobalSection
	GlobalSection(ProjectConfigurationPlatforms) = postSolution
		{1591F627-75C0-463B-A130-FEAD9327796D}.Debug|Any CPU.ActiveCfg = Debug|Any CPU
		{1591F627-75C0-463B-A130-FEAD9327796D}.Debug|Any CPU.Build.0 = Debug|Any CPU
		{1591F627-75C0-463B-A130-FEAD9327796D}.Release|Any CPU.ActiveCfg = Release|Any CPU
		{1591F627-75C0-463B-A130-FEAD9327796D}.Release|Any CPU.Build.0 = Release|Any CPU
	EndGlobalSection
	GlobalSection(SolutionProperties) = preSolution
		HideSolutionNode = FALSE
	EndGlobalSection
	GlobalSection(ExtensibilityGlobals) = postSolution
		SolutionGuid = {966A192B-2D24-4331-827F-F7F8DF509C5B}
	EndGlobalSection
EndGlobal
